
Microsoft Visual Studio Solution File, Format Version 12.00
# Visual Studio Version 17
VisualStudioVersion = 17.9.34723.18
MinimumVisualStudioVersion = 10.0.40219.1
Project("{FAE04EC0-301F-11D3-BF4B-00C04F79EFBC}") = "IdentityServer", "IdentityServer\IdentityServer.csproj", "{6FB03CE0-F90C-45D5-ADF8-512C253FDCFB}"
EndProject
Project("{FAE04EC0-301F-11D3-BF4B-00C04F79EFBC}") = "UserService", "UserService\UserService.csproj", "{20EB84A4-7DEB-4C19-8D14-015458C07D4C}"
EndProject
Global
	GlobalSection(SolutionConfigurationPlatforms) = preSolution
		Debug|Any CPU = Debug|Any CPU
		Release|Any CPU = Release|Any CPU
	EndGlobalSection
	GlobalSection(ProjectConfigurationPlatforms) = postSolution
		{6FB03CE0-F90C-45D5-ADF8-512C253FDCFB}.Debug|Any CPU.ActiveCfg = Debug|Any CPU
		{6FB03CE0-F90C-45D5-ADF8-512C253FDCFB}.Debug|Any CPU.Build.0 = Debug|Any CPU
		{6FB03CE0-F90C-45D5-ADF8-512C253FDCFB}.Release|Any CPU.ActiveCfg = Release|Any CPU
		{6FB03CE0-F90C-45D5-ADF8-512C253FDCFB}.Release|Any CPU.Build.0 = Release|Any CPU
		{20EB84A4-7DEB-4C19-8D14-015458C07D4C}.Debug|Any CPU.ActiveCfg = Debug|Any CPU
		{20EB84A4-7DEB-4C19-8D14-015458C07D4C}.Debug|Any CPU.Build.0 = Debug|Any CPU
		{20EB84A4-7DEB-4C19-8D14-015458C07D4C}.Release|Any CPU.ActiveCfg = Release|Any CPU
		{20EB84A4-7DEB-4C19-8D14-015458C07D4C}.Release|Any CPU.Build.0 = Release|Any CPU
	EndGlobalSection
	GlobalSection(SolutionProperties) = preSolution
		HideSolutionNode = FALSE
	EndGlobalSection
	GlobalSection(ExtensibilityGlobals) = postSolution
		SolutionGuid = {B303314F-D1C7-4B3C-9192-F77E0DBCFA74}
	EndGlobalSection
EndGlobal
